// !$*UTF8*$!
{
	archiveVersion = 1;
	classes = {
	};
	objectVersion = 52;
	objects = {

/* Begin PBXBuildFile section */
		0138784B6A8D433AAFB34976 /* Pods_Navigation.framework in Frameworks */ = {isa = PBXBuildFile; fileRef = D6ACF031725866B2B01AE857 /* Pods_Navigation.framework */; };
		660B7DC6275218EE0064E0F2 /* AppDelegate.swift in Sources */ = {isa = PBXBuildFile; fileRef = 660B7DC5275218EE0064E0F2 /* AppDelegate.swift */; };
		660B7DCA275218EE0064E0F2 /* ViewController.swift in Sources */ = {isa = PBXBuildFile; fileRef = 660B7DC9275218EE0064E0F2 /* ViewController.swift */; };
		660B7DCF275218EE0064E0F2 /* Assets.xcassets in Resources */ = {isa = PBXBuildFile; fileRef = 660B7DCE275218EE0064E0F2 /* Assets.xcassets */; };
		660B7DD2275218EE0064E0F2 /* LaunchScreen.storyboard in Resources */ = {isa = PBXBuildFile; fileRef = 660B7DD0275218EE0064E0F2 /* LaunchScreen.storyboard */; };
		660B7DDC275245C20064E0F2 /* FeedViewController.swift in Sources */ = {isa = PBXBuildFile; fileRef = 660B7DDB275245C20064E0F2 /* FeedViewController.swift */; };
		660B7DDE275245D50064E0F2 /* ProfileViewController.swift in Sources */ = {isa = PBXBuildFile; fileRef = 660B7DDD275245D50064E0F2 /* ProfileViewController.swift */; };
		66171A9627788C45009CD409 /* ProfileTableHeaderView.swift in Sources */ = {isa = PBXBuildFile; fileRef = 66171A9527788C45009CD409 /* ProfileTableHeaderView.swift */; };
		66171A9827789B13009CD409 /* PostTableViewCell.swift in Sources */ = {isa = PBXBuildFile; fileRef = 66171A9727789B13009CD409 /* PostTableViewCell.swift */; };
		6620ACD22776583900B31A9A /* Extensions.swift in Sources */ = {isa = PBXBuildFile; fileRef = 6620ACD12776583900B31A9A /* Extensions.swift */; };
		662346A7275569F000F2A093 /* PostViewController.swift in Sources */ = {isa = PBXBuildFile; fileRef = 662346A6275569F000F2A093 /* PostViewController.swift */; };
		662502FE277BA197002AF96E /* PhotosTableViewCell.swift in Sources */ = {isa = PBXBuildFile; fileRef = 662502FD277BA197002AF96E /* PhotosTableViewCell.swift */; };
		66250300277BA5B5002AF96E /* PhotosArray.swift in Sources */ = {isa = PBXBuildFile; fileRef = 662502FF277BA5B5002AF96E /* PhotosArray.swift */; };
		66250302277BC143002AF96E /* PhotosViewController.swift in Sources */ = {isa = PBXBuildFile; fileRef = 66250301277BC143002AF96E /* PhotosViewController.swift */; };
		66250304277BC53A002AF96E /* PhotosCollectionViewCell.swift in Sources */ = {isa = PBXBuildFile; fileRef = 66250303277BC53A002AF96E /* PhotosCollectionViewCell.swift */; };
		66313FCB276FADB5002EC0CB /* LoginViewController.swift in Sources */ = {isa = PBXBuildFile; fileRef = 66313FCA276FADB5002EC0CB /* LoginViewController.swift */; };
		664FBA2827F27691007544E3 /* iOSIntPackage in Frameworks */ = {isa = PBXBuildFile; productRef = 664FBA2727F27691007544E3 /* iOSIntPackage */; };
		665CD23727ECEC9900F2E1BC /* StorageService.h in Headers */ = {isa = PBXBuildFile; fileRef = 665CD23627ECEC9900F2E1BC /* StorageService.h */; settings = {ATTRIBUTES = (Public, ); }; };
		665CD23A27ECEC9900F2E1BC /* StorageService.framework in Frameworks */ = {isa = PBXBuildFile; fileRef = 665CD23427ECEC9900F2E1BC /* StorageService.framework */; };
		665CD23B27ECEC9900F2E1BC /* StorageService.framework in Embed Frameworks */ = {isa = PBXBuildFile; fileRef = 665CD23427ECEC9900F2E1BC /* StorageService.framework */; settings = {ATTRIBUTES = (CodeSignOnCopy, RemoveHeadersOnCopy, ); }; };
		665CD24027ECED1800F2E1BC /* Post.swift in Sources */ = {isa = PBXBuildFile; fileRef = 6641B4292777A6B500C506F6 /* Post.swift */; };
		665CD24527ECFBF300F2E1BC /* ViewController.swift in Sources */ = {isa = PBXBuildFile; fileRef = 660B7DC9275218EE0064E0F2 /* ViewController.swift */; };
		665CD24627ECFBF300F2E1BC /* PhotosViewController.swift in Sources */ = {isa = PBXBuildFile; fileRef = 66250301277BC143002AF96E /* PhotosViewController.swift */; };
		665CD24727ECFBF300F2E1BC /* ProfileTableHeaderView.swift in Sources */ = {isa = PBXBuildFile; fileRef = 66171A9527788C45009CD409 /* ProfileTableHeaderView.swift */; };
		665CD24827ECFBF300F2E1BC /* FeedViewController.swift in Sources */ = {isa = PBXBuildFile; fileRef = 660B7DDB275245C20064E0F2 /* FeedViewController.swift */; };
		665CD24927ECFBF300F2E1BC /* ProfileViewController.swift in Sources */ = {isa = PBXBuildFile; fileRef = 660B7DDD275245D50064E0F2 /* ProfileViewController.swift */; };
		665CD24A27ECFBF300F2E1BC /* PhotosTableViewCell.swift in Sources */ = {isa = PBXBuildFile; fileRef = 662502FD277BA197002AF96E /* PhotosTableViewCell.swift */; };
		665CD24B27ECFBF300F2E1BC /* AppDelegate.swift in Sources */ = {isa = PBXBuildFile; fileRef = 660B7DC5275218EE0064E0F2 /* AppDelegate.swift */; };
		665CD24C27ECFBF300F2E1BC /* LoginViewController.swift in Sources */ = {isa = PBXBuildFile; fileRef = 66313FCA276FADB5002EC0CB /* LoginViewController.swift */; };
		665CD24E27ECFBF300F2E1BC /* PostTableViewCell.swift in Sources */ = {isa = PBXBuildFile; fileRef = 66171A9727789B13009CD409 /* PostTableViewCell.swift */; };
		665CD24F27ECFBF300F2E1BC /* PhotosCollectionViewCell.swift in Sources */ = {isa = PBXBuildFile; fileRef = 66250303277BC53A002AF96E /* PhotosCollectionViewCell.swift */; };
		665CD25127ECFBF300F2E1BC /* InfoViewController.swift in Sources */ = {isa = PBXBuildFile; fileRef = 666CBD532758087A000BF738 /* InfoViewController.swift */; };
		665CD25227ECFBF300F2E1BC /* PostViewController.swift in Sources */ = {isa = PBXBuildFile; fileRef = 662346A6275569F000F2A093 /* PostViewController.swift */; };
		665CD25427ECFBF300F2E1BC /* StorageService.framework in Frameworks */ = {isa = PBXBuildFile; fileRef = 665CD23427ECEC9900F2E1BC /* StorageService.framework */; };
		665CD25627ECFBF300F2E1BC /* LaunchScreen.storyboard in Resources */ = {isa = PBXBuildFile; fileRef = 660B7DD0275218EE0064E0F2 /* LaunchScreen.storyboard */; };
		665CD25727ECFBF300F2E1BC /* Assets.xcassets in Resources */ = {isa = PBXBuildFile; fileRef = 660B7DCE275218EE0064E0F2 /* Assets.xcassets */; };
		665CD25927ECFBF300F2E1BC /* StorageService.framework in Embed Frameworks */ = {isa = PBXBuildFile; fileRef = 665CD23427ECEC9900F2E1BC /* StorageService.framework */; settings = {ATTRIBUTES = (CodeSignOnCopy, RemoveHeadersOnCopy, ); }; };
		6661E02A27FF71AB0049C833 /* LoginChecker.swift in Sources */ = {isa = PBXBuildFile; fileRef = 6661E02927FF71AB0049C833 /* LoginChecker.swift */; };
		6661E02C27FF72020049C833 /* LoginViewControllerDelegate.swift in Sources */ = {isa = PBXBuildFile; fileRef = 6661E02B27FF72020049C833 /* LoginViewControllerDelegate.swift */; };
		6661E02E27FF7BAC0049C833 /* LoginInspector.swift in Sources */ = {isa = PBXBuildFile; fileRef = 6661E02D27FF7BAC0049C833 /* LoginInspector.swift */; };
		6661E03027FF82730049C833 /* MyLoginFactory.swift in Sources */ = {isa = PBXBuildFile; fileRef = 6661E02F27FF82730049C833 /* MyLoginFactory.swift */; };
		6661E03227FF830D0049C833 /* LoginFactory.swift in Sources */ = {isa = PBXBuildFile; fileRef = 6661E03127FF830D0049C833 /* LoginFactory.swift */; };
		666955CE28133EB30029AE72 /* CustomButton.swift in Sources */ = {isa = PBXBuildFile; fileRef = 666955CD28133EB30029AE72 /* CustomButton.swift */; };
		666CBD542758087A000BF738 /* InfoViewController.swift in Sources */ = {isa = PBXBuildFile; fileRef = 666CBD532758087A000BF738 /* InfoViewController.swift */; };
		666D8EFD27FCBC4F0032165D /* User.swift in Sources */ = {isa = PBXBuildFile; fileRef = 666D8EFC27FCBC4F0032165D /* User.swift */; };
		666D8EFF27FCBCC20032165D /* UserService.swift in Sources */ = {isa = PBXBuildFile; fileRef = 666D8EFE27FCBCC20032165D /* UserService.swift */; };
		666D8F0227FCC4510032165D /* CurrentUserService.swift in Sources */ = {isa = PBXBuildFile; fileRef = 666D8F0127FCC4510032165D /* CurrentUserService.swift */; };
		666D8F0427FCC6440032165D /* TestUserService.swift in Sources */ = {isa = PBXBuildFile; fileRef = 666D8F0327FCC6440032165D /* TestUserService.swift */; };
		668197872817322800C586CD /* CustomTextField.swift in Sources */ = {isa = PBXBuildFile; fileRef = 668197862817322800C586CD /* CustomTextField.swift */; };
		66819789281733E600C586CD /* Model.swift in Sources */ = {isa = PBXBuildFile; fileRef = 66819788281733E600C586CD /* Model.swift */; };
		6681978B281734EC00C586CD /* NewCustomButton.swift in Sources */ = {isa = PBXBuildFile; fileRef = 6681978A281734EC00C586CD /* NewCustomButton.swift */; };
		66977793282D9E3A001726FA /* Brutforce.swift in Sources */ = {isa = PBXBuildFile; fileRef = 66977792282D9E3A001726FA /* Brutforce.swift */; };
		66977795282DA206001726FA /* GeneratePassword.swift in Sources */ = {isa = PBXBuildFile; fileRef = 66977794282DA206001726FA /* GeneratePassword.swift */; };
		A4A04EDFBFD846FD47B3E6F6 /* Pods_Navigation_copy.framework in Frameworks */ = {isa = PBXBuildFile; fileRef = 1FE9CFEFD18E6ACE33D5E852 /* Pods_Navigation_copy.framework */; };
		B12CF5F683FE46AFD318E33C /* Pods_StorageService.framework in Frameworks */ = {isa = PBXBuildFile; fileRef = 923A12294A251C00FDAB5BA0 /* Pods_StorageService.framework */; };
/* End PBXBuildFile section */

/* Begin PBXContainerItemProxy section */
		665CD23827ECEC9900F2E1BC /* PBXContainerItemProxy */ = {
			isa = PBXContainerItemProxy;
			containerPortal = 660B7DBA275218EE0064E0F2 /* Project object */;
			proxyType = 1;
			remoteGlobalIDString = 665CD23327ECEC9900F2E1BC;
			remoteInfo = StorageService;
		};
		665CD24327ECFBF300F2E1BC /* PBXContainerItemProxy */ = {
			isa = PBXContainerItemProxy;
			containerPortal = 660B7DBA275218EE0064E0F2 /* Project object */;
			proxyType = 1;
			remoteGlobalIDString = 665CD23327ECEC9900F2E1BC;
			remoteInfo = StorageService;
		};
/* End PBXContainerItemProxy section */

/* Begin PBXCopyFilesBuildPhase section */
		665CD21627ECE63400F2E1BC /* Embed Frameworks */ = {
			isa = PBXCopyFilesBuildPhase;
			buildActionMask = 2147483647;
			dstPath = "";
			dstSubfolderSpec = 10;
			files = (
				665CD23B27ECEC9900F2E1BC /* StorageService.framework in Embed Frameworks */,
			);
			name = "Embed Frameworks";
			runOnlyForDeploymentPostprocessing = 0;
		};
		665CD25827ECFBF300F2E1BC /* Embed Frameworks */ = {
			isa = PBXCopyFilesBuildPhase;
			buildActionMask = 2147483647;
			dstPath = "";
			dstSubfolderSpec = 10;
			files = (
				665CD25927ECFBF300F2E1BC /* StorageService.framework in Embed Frameworks */,
			);
			name = "Embed Frameworks";
			runOnlyForDeploymentPostprocessing = 0;
		};
/* End PBXCopyFilesBuildPhase section */

/* Begin PBXFileReference section */
		02C2EFEB23343D1E9B569943 /* Pods-Navigation.release.xcconfig */ = {isa = PBXFileReference; includeInIndex = 1; lastKnownFileType = text.xcconfig; name = "Pods-Navigation.release.xcconfig"; path = "Target Support Files/Pods-Navigation/Pods-Navigation.release.xcconfig"; sourceTree = "<group>"; };
		1FE9CFEFD18E6ACE33D5E852 /* Pods_Navigation_copy.framework */ = {isa = PBXFileReference; explicitFileType = wrapper.framework; includeInIndex = 0; path = Pods_Navigation_copy.framework; sourceTree = BUILT_PRODUCTS_DIR; };
		660B7DC5275218EE0064E0F2 /* AppDelegate.swift */ = {isa = PBXFileReference; lastKnownFileType = sourcecode.swift; path = AppDelegate.swift; sourceTree = "<group>"; };
		660B7DC9275218EE0064E0F2 /* ViewController.swift */ = {isa = PBXFileReference; lastKnownFileType = sourcecode.swift; path = ViewController.swift; sourceTree = "<group>"; };
		660B7DCE275218EE0064E0F2 /* Assets.xcassets */ = {isa = PBXFileReference; lastKnownFileType = folder.assetcatalog; path = Assets.xcassets; sourceTree = "<group>"; };
		660B7DD1275218EE0064E0F2 /* Base */ = {isa = PBXFileReference; lastKnownFileType = file.storyboard; name = Base; path = Base.lproj/LaunchScreen.storyboard; sourceTree = "<group>"; };
		660B7DD3275218EE0064E0F2 /* Info.plist */ = {isa = PBXFileReference; lastKnownFileType = text.plist.xml; path = Info.plist; sourceTree = "<group>"; };
		660B7DDB275245C20064E0F2 /* FeedViewController.swift */ = {isa = PBXFileReference; lastKnownFileType = sourcecode.swift; path = FeedViewController.swift; sourceTree = "<group>"; };
		660B7DDD275245D50064E0F2 /* ProfileViewController.swift */ = {isa = PBXFileReference; lastKnownFileType = sourcecode.swift; path = ProfileViewController.swift; sourceTree = "<group>"; };
		66171A9527788C45009CD409 /* ProfileTableHeaderView.swift */ = {isa = PBXFileReference; lastKnownFileType = sourcecode.swift; path = ProfileTableHeaderView.swift; sourceTree = "<group>"; };
		66171A9727789B13009CD409 /* PostTableViewCell.swift */ = {isa = PBXFileReference; lastKnownFileType = sourcecode.swift; path = PostTableViewCell.swift; sourceTree = "<group>"; };
		6620ACD12776583900B31A9A /* Extensions.swift */ = {isa = PBXFileReference; lastKnownFileType = sourcecode.swift; path = Extensions.swift; sourceTree = "<group>"; };
		662346A6275569F000F2A093 /* PostViewController.swift */ = {isa = PBXFileReference; lastKnownFileType = sourcecode.swift; path = PostViewController.swift; sourceTree = "<group>"; };
		662502FD277BA197002AF96E /* PhotosTableViewCell.swift */ = {isa = PBXFileReference; lastKnownFileType = sourcecode.swift; path = PhotosTableViewCell.swift; sourceTree = "<group>"; };
		662502FF277BA5B5002AF96E /* PhotosArray.swift */ = {isa = PBXFileReference; lastKnownFileType = sourcecode.swift; path = PhotosArray.swift; sourceTree = "<group>"; };
		66250301277BC143002AF96E /* PhotosViewController.swift */ = {isa = PBXFileReference; lastKnownFileType = sourcecode.swift; path = PhotosViewController.swift; sourceTree = "<group>"; };
		66250303277BC53A002AF96E /* PhotosCollectionViewCell.swift */ = {isa = PBXFileReference; lastKnownFileType = sourcecode.swift; path = PhotosCollectionViewCell.swift; sourceTree = "<group>"; };
		66313FCA276FADB5002EC0CB /* LoginViewController.swift */ = {isa = PBXFileReference; lastKnownFileType = sourcecode.swift; path = LoginViewController.swift; sourceTree = "<group>"; };
		6641B4292777A6B500C506F6 /* Post.swift */ = {isa = PBXFileReference; lastKnownFileType = sourcecode.swift; path = Post.swift; sourceTree = "<group>"; };
		665CD23427ECEC9900F2E1BC /* StorageService.framework */ = {isa = PBXFileReference; explicitFileType = wrapper.framework; includeInIndex = 0; path = StorageService.framework; sourceTree = BUILT_PRODUCTS_DIR; };
		665CD23627ECEC9900F2E1BC /* StorageService.h */ = {isa = PBXFileReference; lastKnownFileType = sourcecode.c.h; path = StorageService.h; sourceTree = "<group>"; };
		665CD23C27ECEC9900F2E1BC /* Navigation.app */ = {isa = PBXFileReference; explicitFileType = wrapper.application; includeInIndex = 0; path = Navigation.app; sourceTree = BUILT_PRODUCTS_DIR; };
		665CD25D27ECFBF300F2E1BC /* Navigation copy.app */ = {isa = PBXFileReference; explicitFileType = wrapper.application; includeInIndex = 0; path = "Navigation copy.app"; sourceTree = BUILT_PRODUCTS_DIR; };
		665CD25E27ECFBF300F2E1BC /* Navigation copy-Info.plist */ = {isa = PBXFileReference; lastKnownFileType = text.plist.xml; name = "Navigation copy-Info.plist"; path = "/Users/timurturlykin/Desktop/netology/Navigation/ios-homeworks/Navigation copy-Info.plist"; sourceTree = "<absolute>"; };
		6661E02927FF71AB0049C833 /* LoginChecker.swift */ = {isa = PBXFileReference; lastKnownFileType = sourcecode.swift; path = LoginChecker.swift; sourceTree = "<group>"; };
		6661E02B27FF72020049C833 /* LoginViewControllerDelegate.swift */ = {isa = PBXFileReference; lastKnownFileType = sourcecode.swift; path = LoginViewControllerDelegate.swift; sourceTree = "<group>"; };
		6661E02D27FF7BAC0049C833 /* LoginInspector.swift */ = {isa = PBXFileReference; lastKnownFileType = sourcecode.swift; path = LoginInspector.swift; sourceTree = "<group>"; };
		6661E02F27FF82730049C833 /* MyLoginFactory.swift */ = {isa = PBXFileReference; lastKnownFileType = sourcecode.swift; path = MyLoginFactory.swift; sourceTree = "<group>"; };
		6661E03127FF830D0049C833 /* LoginFactory.swift */ = {isa = PBXFileReference; lastKnownFileType = sourcecode.swift; path = LoginFactory.swift; sourceTree = "<group>"; };
		666955CD28133EB30029AE72 /* CustomButton.swift */ = {isa = PBXFileReference; lastKnownFileType = sourcecode.swift; path = CustomButton.swift; sourceTree = "<group>"; };
		666CBD532758087A000BF738 /* InfoViewController.swift */ = {isa = PBXFileReference; lastKnownFileType = sourcecode.swift; path = InfoViewController.swift; sourceTree = "<group>"; };
		666D8EFC27FCBC4F0032165D /* User.swift */ = {isa = PBXFileReference; lastKnownFileType = sourcecode.swift; path = User.swift; sourceTree = "<group>"; };
		666D8EFE27FCBCC20032165D /* UserService.swift */ = {isa = PBXFileReference; lastKnownFileType = sourcecode.swift; path = UserService.swift; sourceTree = "<group>"; };
		666D8F0127FCC4510032165D /* CurrentUserService.swift */ = {isa = PBXFileReference; lastKnownFileType = sourcecode.swift; path = CurrentUserService.swift; sourceTree = "<group>"; };
		666D8F0327FCC6440032165D /* TestUserService.swift */ = {isa = PBXFileReference; lastKnownFileType = sourcecode.swift; path = TestUserService.swift; sourceTree = "<group>"; };
		668197862817322800C586CD /* CustomTextField.swift */ = {isa = PBXFileReference; lastKnownFileType = sourcecode.swift; path = CustomTextField.swift; sourceTree = "<group>"; };
		66819788281733E600C586CD /* Model.swift */ = {isa = PBXFileReference; lastKnownFileType = sourcecode.swift; path = Model.swift; sourceTree = "<group>"; };
		6681978A281734EC00C586CD /* NewCustomButton.swift */ = {isa = PBXFileReference; lastKnownFileType = sourcecode.swift; path = NewCustomButton.swift; sourceTree = "<group>"; };
		66977792282D9E3A001726FA /* Brutforce.swift */ = {isa = PBXFileReference; lastKnownFileType = sourcecode.swift; path = Brutforce.swift; sourceTree = "<group>"; };
		66977794282DA206001726FA /* GeneratePassword.swift */ = {isa = PBXFileReference; lastKnownFileType = sourcecode.swift; path = GeneratePassword.swift; sourceTree = "<group>"; };
		66E2A573770EA19A5FF73F1A /* Pods-Navigation.debug.xcconfig */ = {isa = PBXFileReference; includeInIndex = 1; lastKnownFileType = text.xcconfig; name = "Pods-Navigation.debug.xcconfig"; path = "Target Support Files/Pods-Navigation/Pods-Navigation.debug.xcconfig"; sourceTree = "<group>"; };
		84A44E45DBC5F5027719596B /* Pods-Navigation copy.release.xcconfig */ = {isa = PBXFileReference; includeInIndex = 1; lastKnownFileType = text.xcconfig; name = "Pods-Navigation copy.release.xcconfig"; path = "Target Support Files/Pods-Navigation copy/Pods-Navigation copy.release.xcconfig"; sourceTree = "<group>"; };
		899E8BA5E57509D2434AF854 /* Pods-StorageService.debug.xcconfig */ = {isa = PBXFileReference; includeInIndex = 1; lastKnownFileType = text.xcconfig; name = "Pods-StorageService.debug.xcconfig"; path = "Target Support Files/Pods-StorageService/Pods-StorageService.debug.xcconfig"; sourceTree = "<group>"; };
		923A12294A251C00FDAB5BA0 /* Pods_StorageService.framework */ = {isa = PBXFileReference; explicitFileType = wrapper.framework; includeInIndex = 0; path = Pods_StorageService.framework; sourceTree = BUILT_PRODUCTS_DIR; };
		B486A3DC44CC56759B587F04 /* Pods-StorageService.release.xcconfig */ = {isa = PBXFileReference; includeInIndex = 1; lastKnownFileType = text.xcconfig; name = "Pods-StorageService.release.xcconfig"; path = "Target Support Files/Pods-StorageService/Pods-StorageService.release.xcconfig"; sourceTree = "<group>"; };
		CDE3906EC2B84EA434AF6BDA /* Pods-Navigation copy.debug.xcconfig */ = {isa = PBXFileReference; includeInIndex = 1; lastKnownFileType = text.xcconfig; name = "Pods-Navigation copy.debug.xcconfig"; path = "Target Support Files/Pods-Navigation copy/Pods-Navigation copy.debug.xcconfig"; sourceTree = "<group>"; };
		D6ACF031725866B2B01AE857 /* Pods_Navigation.framework */ = {isa = PBXFileReference; explicitFileType = wrapper.framework; includeInIndex = 0; path = Pods_Navigation.framework; sourceTree = BUILT_PRODUCTS_DIR; };
/* End PBXFileReference section */

/* Begin PBXFrameworksBuildPhase section */
		660B7DBF275218EE0064E0F2 /* Frameworks */ = {
			isa = PBXFrameworksBuildPhase;
			buildActionMask = 2147483647;
			files = (
				665CD23A27ECEC9900F2E1BC /* StorageService.framework in Frameworks */,
				664FBA2827F27691007544E3 /* iOSIntPackage in Frameworks */,
				0138784B6A8D433AAFB34976 /* Pods_Navigation.framework in Frameworks */,
			);
			runOnlyForDeploymentPostprocessing = 0;
		};
		665CD23127ECEC9900F2E1BC /* Frameworks */ = {
			isa = PBXFrameworksBuildPhase;
			buildActionMask = 2147483647;
			files = (
				B12CF5F683FE46AFD318E33C /* Pods_StorageService.framework in Frameworks */,
			);
			runOnlyForDeploymentPostprocessing = 0;
		};
		665CD25327ECFBF300F2E1BC /* Frameworks */ = {
			isa = PBXFrameworksBuildPhase;
			buildActionMask = 2147483647;
			files = (
				665CD25427ECFBF300F2E1BC /* StorageService.framework in Frameworks */,
				A4A04EDFBFD846FD47B3E6F6 /* Pods_Navigation_copy.framework in Frameworks */,
			);
			runOnlyForDeploymentPostprocessing = 0;
		};
/* End PBXFrameworksBuildPhase section */

/* Begin PBXGroup section */
		1E39C4AAC663801F49FEEECA /* Pods */ = {
			isa = PBXGroup;
			children = (
				66E2A573770EA19A5FF73F1A /* Pods-Navigation.debug.xcconfig */,
				02C2EFEB23343D1E9B569943 /* Pods-Navigation.release.xcconfig */,
				CDE3906EC2B84EA434AF6BDA /* Pods-Navigation copy.debug.xcconfig */,
				84A44E45DBC5F5027719596B /* Pods-Navigation copy.release.xcconfig */,
				899E8BA5E57509D2434AF854 /* Pods-StorageService.debug.xcconfig */,
				B486A3DC44CC56759B587F04 /* Pods-StorageService.release.xcconfig */,
			);
			path = Pods;
			sourceTree = "<group>";
		};
		660B7DB9275218EE0064E0F2 = {
			isa = PBXGroup;
			children = (
				660B7DC4275218EE0064E0F2 /* Navigation */,
				665CD23427ECEC9900F2E1BC /* StorageService.framework */,
				665CD23527ECEC9900F2E1BC /* StorageService */,
				665CD23C27ECEC9900F2E1BC /* Navigation.app */,
				665CD25D27ECFBF300F2E1BC /* Navigation copy.app */,
				665CD25E27ECFBF300F2E1BC /* Navigation copy-Info.plist */,
				1E39C4AAC663801F49FEEECA /* Pods */,
				B18B8C860E01FB3F12606F25 /* Frameworks */,
			);
			sourceTree = "<group>";
		};
		660B7DC4275218EE0064E0F2 /* Navigation */ = {
			isa = PBXGroup;
			children = (
				66977791282D9DFF001726FA /* Support Files */,
				6661E02827FF718F0049C833 /* Login */,
				666D8F0027FCBD770032165D /* User */,
				6694F10E275D35A900FF96B7 /* Profile */,
				660B7DC5275218EE0064E0F2 /* AppDelegate.swift */,
				660B7DC9275218EE0064E0F2 /* ViewController.swift */,
				660B7DCE275218EE0064E0F2 /* Assets.xcassets */,
				660B7DD0275218EE0064E0F2 /* LaunchScreen.storyboard */,
				660B7DDB275245C20064E0F2 /* FeedViewController.swift */,
				662346A6275569F000F2A093 /* PostViewController.swift */,
				666CBD532758087A000BF738 /* InfoViewController.swift */,
				660B7DD3275218EE0064E0F2 /* Info.plist */,
				66819788281733E600C586CD /* Model.swift */,
			);
			path = Navigation;
			sourceTree = "<group>";
		};
		665CD23527ECEC9900F2E1BC /* StorageService */ = {
			isa = PBXGroup;
			children = (
				6641B4292777A6B500C506F6 /* Post.swift */,
				665CD23627ECEC9900F2E1BC /* StorageService.h */,
			);
			path = StorageService;
			sourceTree = "<group>";
		};
		6661E02827FF718F0049C833 /* Login */ = {
			isa = PBXGroup;
			children = (
				66313FCA276FADB5002EC0CB /* LoginViewController.swift */,
				6661E02927FF71AB0049C833 /* LoginChecker.swift */,
				6661E02B27FF72020049C833 /* LoginViewControllerDelegate.swift */,
				6661E02D27FF7BAC0049C833 /* LoginInspector.swift */,
				6661E03127FF830D0049C833 /* LoginFactory.swift */,
				6661E02F27FF82730049C833 /* MyLoginFactory.swift */,
			);
			path = Login;
			sourceTree = "<group>";
		};
		666D8F0027FCBD770032165D /* User */ = {
			isa = PBXGroup;
			children = (
				666D8EFC27FCBC4F0032165D /* User.swift */,
				666D8EFE27FCBCC20032165D /* UserService.swift */,
				666D8F0127FCC4510032165D /* CurrentUserService.swift */,
				666D8F0327FCC6440032165D /* TestUserService.swift */,
			);
			path = User;
			sourceTree = "<group>";
		};
		6694F10E275D35A900FF96B7 /* Profile */ = {
			isa = PBXGroup;
			children = (
				660B7DDD275245D50064E0F2 /* ProfileViewController.swift */,
				66171A9527788C45009CD409 /* ProfileTableHeaderView.swift */,
				66171A9727789B13009CD409 /* PostTableViewCell.swift */,
				662502FD277BA197002AF96E /* PhotosTableViewCell.swift */,
				66250301277BC143002AF96E /* PhotosViewController.swift */,
				66250303277BC53A002AF96E /* PhotosCollectionViewCell.swift */,
			);
			path = Profile;
			sourceTree = "<group>";
		};
		66977791282D9DFF001726FA /* Support Files */ = {
			isa = PBXGroup;
			children = (
				66977792282D9E3A001726FA /* Brutforce.swift */,
				66977794282DA206001726FA /* GeneratePassword.swift */,
				662502FF277BA5B5002AF96E /* PhotosArray.swift */,
				6620ACD12776583900B31A9A /* Extensions.swift */,
				666955CD28133EB30029AE72 /* CustomButton.swift */,
				6681978A281734EC00C586CD /* NewCustomButton.swift */,
				668197862817322800C586CD /* CustomTextField.swift */,
			);
			path = "Support Files";
			sourceTree = "<group>";
		};
		B18B8C860E01FB3F12606F25 /* Frameworks */ = {
			isa = PBXGroup;
			children = (
				D6ACF031725866B2B01AE857 /* Pods_Navigation.framework */,
				1FE9CFEFD18E6ACE33D5E852 /* Pods_Navigation_copy.framework */,
				923A12294A251C00FDAB5BA0 /* Pods_StorageService.framework */,
			);
			name = Frameworks;
			sourceTree = "<group>";
		};
/* End PBXGroup section */

/* Begin PBXHeadersBuildPhase section */
		665CD22F27ECEC9900F2E1BC /* Headers */ = {
			isa = PBXHeadersBuildPhase;
			buildActionMask = 2147483647;
			files = (
				665CD23727ECEC9900F2E1BC /* StorageService.h in Headers */,
			);
			runOnlyForDeploymentPostprocessing = 0;
		};
/* End PBXHeadersBuildPhase section */

/* Begin PBXNativeTarget section */
		660B7DC1275218EE0064E0F2 /* Navigation */ = {
			isa = PBXNativeTarget;
			buildConfigurationList = 660B7DD6275218EE0064E0F2 /* Build configuration list for PBXNativeTarget "Navigation" */;
			buildPhases = (
				500EAACBD7337019778B1FAA /* [CP] Check Pods Manifest.lock */,
				660B7DBE275218EE0064E0F2 /* Sources */,
				660B7DBF275218EE0064E0F2 /* Frameworks */,
				660B7DC0275218EE0064E0F2 /* Resources */,
				665CD21627ECE63400F2E1BC /* Embed Frameworks */,
				964415A43CE883035FC15C0C /* [CP] Embed Pods Frameworks */,
			);
			buildRules = (
			);
			dependencies = (
				665CD23927ECEC9900F2E1BC /* PBXTargetDependency */,
			);
			name = Navigation;
			packageProductDependencies = (
				664FBA2727F27691007544E3 /* iOSIntPackage */,
			);
			productName = Navigation;
			productReference = 665CD23C27ECEC9900F2E1BC /* Navigation.app */;
			productType = "com.apple.product-type.application";
		};
		665CD23327ECEC9900F2E1BC /* StorageService */ = {
			isa = PBXNativeTarget;
			buildConfigurationList = 665CD23D27ECEC9900F2E1BC /* Build configuration list for PBXNativeTarget "StorageService" */;
			buildPhases = (
				D7E2844D1616326670BE44DA /* [CP] Check Pods Manifest.lock */,
				665CD22F27ECEC9900F2E1BC /* Headers */,
				665CD23027ECEC9900F2E1BC /* Sources */,
				665CD23127ECEC9900F2E1BC /* Frameworks */,
				665CD23227ECEC9900F2E1BC /* Resources */,
			);
			buildRules = (
			);
			dependencies = (
			);
			name = StorageService;
			productName = StorageService;
			productReference = 665CD23427ECEC9900F2E1BC /* StorageService.framework */;
			productType = "com.apple.product-type.framework";
		};
		665CD24127ECFBF300F2E1BC /* Navigation copy */ = {
			isa = PBXNativeTarget;
			buildConfigurationList = 665CD25A27ECFBF300F2E1BC /* Build configuration list for PBXNativeTarget "Navigation copy" */;
			buildPhases = (
				F9604E79E2E5C0F76A73603E /* [CP] Check Pods Manifest.lock */,
				665CD24427ECFBF300F2E1BC /* Sources */,
				665CD25327ECFBF300F2E1BC /* Frameworks */,
				665CD25527ECFBF300F2E1BC /* Resources */,
				665CD25827ECFBF300F2E1BC /* Embed Frameworks */,
			);
			buildRules = (
			);
			dependencies = (
				665CD24227ECFBF300F2E1BC /* PBXTargetDependency */,
			);
			name = "Navigation copy";
			productName = Navigation;
			productReference = 665CD25D27ECFBF300F2E1BC /* Navigation copy.app */;
			productType = "com.apple.product-type.application";
		};
/* End PBXNativeTarget section */

/* Begin PBXProject section */
		660B7DBA275218EE0064E0F2 /* Project object */ = {
			isa = PBXProject;
			attributes = {
				LastSwiftUpdateCheck = 1320;
				LastUpgradeCheck = 1250;
				TargetAttributes = {
					660B7DC1275218EE0064E0F2 = {
						CreatedOnToolsVersion = 12.5.1;
					};
					665CD23327ECEC9900F2E1BC = {
						CreatedOnToolsVersion = 13.2.1;
					};
				};
			};
			buildConfigurationList = 660B7DBD275218EE0064E0F2 /* Build configuration list for PBXProject "Navigation" */;
			compatibilityVersion = "Xcode 9.3";
			developmentRegion = en;
			hasScannedForEncodings = 0;
			knownRegions = (
				en,
				Base,
			);
			mainGroup = 660B7DB9275218EE0064E0F2;
			packageReferences = (
				664FBA2627F27691007544E3 /* XCRemoteSwiftPackageReference "iOSIntPackage" */,
			);
			productRefGroup = 660B7DB9275218EE0064E0F2;
			projectDirPath = "";
			projectRoot = "";
			targets = (
				660B7DC1275218EE0064E0F2 /* Navigation */,
				665CD23327ECEC9900F2E1BC /* StorageService */,
				665CD24127ECFBF300F2E1BC /* Navigation copy */,
			);
		};
/* End PBXProject section */

/* Begin PBXResourcesBuildPhase section */
		660B7DC0275218EE0064E0F2 /* Resources */ = {
			isa = PBXResourcesBuildPhase;
			buildActionMask = 2147483647;
			files = (
				660B7DD2275218EE0064E0F2 /* LaunchScreen.storyboard in Resources */,
				660B7DCF275218EE0064E0F2 /* Assets.xcassets in Resources */,
			);
			runOnlyForDeploymentPostprocessing = 0;
		};
		665CD23227ECEC9900F2E1BC /* Resources */ = {
			isa = PBXResourcesBuildPhase;
			buildActionMask = 2147483647;
			files = (
			);
			runOnlyForDeploymentPostprocessing = 0;
		};
		665CD25527ECFBF300F2E1BC /* Resources */ = {
			isa = PBXResourcesBuildPhase;
			buildActionMask = 2147483647;
			files = (
				665CD25627ECFBF300F2E1BC /* LaunchScreen.storyboard in Resources */,
				665CD25727ECFBF300F2E1BC /* Assets.xcassets in Resources */,
			);
			runOnlyForDeploymentPostprocessing = 0;
		};
/* End PBXResourcesBuildPhase section */

/* Begin PBXShellScriptBuildPhase section */
		500EAACBD7337019778B1FAA /* [CP] Check Pods Manifest.lock */ = {
			isa = PBXShellScriptBuildPhase;
			buildActionMask = 2147483647;
			files = (
			);
			inputFileListPaths = (
			);
			inputPaths = (
				"${PODS_PODFILE_DIR_PATH}/Podfile.lock",
				"${PODS_ROOT}/Manifest.lock",
			);
			name = "[CP] Check Pods Manifest.lock";
			outputFileListPaths = (
			);
			outputPaths = (
				"$(DERIVED_FILE_DIR)/Pods-Navigation-checkManifestLockResult.txt",
			);
			runOnlyForDeploymentPostprocessing = 0;
			shellPath = /bin/sh;
			shellScript = "diff \"${PODS_PODFILE_DIR_PATH}/Podfile.lock\" \"${PODS_ROOT}/Manifest.lock\" > /dev/null\nif [ $? != 0 ] ; then\n    # print error to STDERR\n    echo \"error: The sandbox is not in sync with the Podfile.lock. Run 'pod install' or update your CocoaPods installation.\" >&2\n    exit 1\nfi\n# This output is used by Xcode 'outputs' to avoid re-running this script phase.\necho \"SUCCESS\" > \"${SCRIPT_OUTPUT_FILE_0}\"\n";
			showEnvVarsInLog = 0;
		};
		964415A43CE883035FC15C0C /* [CP] Embed Pods Frameworks */ = {
			isa = PBXShellScriptBuildPhase;
			buildActionMask = 2147483647;
			files = (
			);
			inputFileListPaths = (
				"${PODS_ROOT}/Target Support Files/Pods-Navigation/Pods-Navigation-frameworks-${CONFIGURATION}-input-files.xcfilelist",
			);
			name = "[CP] Embed Pods Frameworks";
			outputFileListPaths = (
				"${PODS_ROOT}/Target Support Files/Pods-Navigation/Pods-Navigation-frameworks-${CONFIGURATION}-output-files.xcfilelist",
			);
			runOnlyForDeploymentPostprocessing = 0;
			shellPath = /bin/sh;
			shellScript = "\"${PODS_ROOT}/Target Support Files/Pods-Navigation/Pods-Navigation-frameworks.sh\"\n";
			showEnvVarsInLog = 0;
		};
		D7E2844D1616326670BE44DA /* [CP] Check Pods Manifest.lock */ = {
			isa = PBXShellScriptBuildPhase;
			buildActionMask = 2147483647;
			files = (
			);
			inputFileListPaths = (
			);
			inputPaths = (
				"${PODS_PODFILE_DIR_PATH}/Podfile.lock",
				"${PODS_ROOT}/Manifest.lock",
			);
			name = "[CP] Check Pods Manifest.lock";
			outputFileListPaths = (
			);
			outputPaths = (
				"$(DERIVED_FILE_DIR)/Pods-StorageService-checkManifestLockResult.txt",
			);
			runOnlyForDeploymentPostprocessing = 0;
			shellPath = /bin/sh;
			shellScript = "diff \"${PODS_PODFILE_DIR_PATH}/Podfile.lock\" \"${PODS_ROOT}/Manifest.lock\" > /dev/null\nif [ $? != 0 ] ; then\n    # print error to STDERR\n    echo \"error: The sandbox is not in sync with the Podfile.lock. Run 'pod install' or update your CocoaPods installation.\" >&2\n    exit 1\nfi\n# This output is used by Xcode 'outputs' to avoid re-running this script phase.\necho \"SUCCESS\" > \"${SCRIPT_OUTPUT_FILE_0}\"\n";
			showEnvVarsInLog = 0;
		};
		F9604E79E2E5C0F76A73603E /* [CP] Check Pods Manifest.lock */ = {
			isa = PBXShellScriptBuildPhase;
			buildActionMask = 2147483647;
			files = (
			);
			inputFileListPaths = (
			);
			inputPaths = (
				"${PODS_PODFILE_DIR_PATH}/Podfile.lock",
				"${PODS_ROOT}/Manifest.lock",
			);
			name = "[CP] Check Pods Manifest.lock";
			outputFileListPaths = (
			);
			outputPaths = (
				"$(DERIVED_FILE_DIR)/Pods-Navigation copy-checkManifestLockResult.txt",
			);
			runOnlyForDeploymentPostprocessing = 0;
			shellPath = /bin/sh;
			shellScript = "diff \"${PODS_PODFILE_DIR_PATH}/Podfile.lock\" \"${PODS_ROOT}/Manifest.lock\" > /dev/null\nif [ $? != 0 ] ; then\n    # print error to STDERR\n    echo \"error: The sandbox is not in sync with the Podfile.lock. Run 'pod install' or update your CocoaPods installation.\" >&2\n    exit 1\nfi\n# This output is used by Xcode 'outputs' to avoid re-running this script phase.\necho \"SUCCESS\" > \"${SCRIPT_OUTPUT_FILE_0}\"\n";
			showEnvVarsInLog = 0;
		};
/* End PBXShellScriptBuildPhase section */

/* Begin PBXSourcesBuildPhase section */
		660B7DBE275218EE0064E0F2 /* Sources */ = {
			isa = PBXSourcesBuildPhase;
			buildActionMask = 2147483647;
			files = (
				6661E02E27FF7BAC0049C833 /* LoginInspector.swift in Sources */,
				666D8F0227FCC4510032165D /* CurrentUserService.swift in Sources */,
				6661E02C27FF72020049C833 /* LoginViewControllerDelegate.swift in Sources */,
				660B7DCA275218EE0064E0F2 /* ViewController.swift in Sources */,
				66250302277BC143002AF96E /* PhotosViewController.swift in Sources */,
				66171A9627788C45009CD409 /* ProfileTableHeaderView.swift in Sources */,
				660B7DDC275245C20064E0F2 /* FeedViewController.swift in Sources */,
				6661E02A27FF71AB0049C833 /* LoginChecker.swift in Sources */,
				660B7DDE275245D50064E0F2 /* ProfileViewController.swift in Sources */,
				668197872817322800C586CD /* CustomTextField.swift in Sources */,
				662502FE277BA197002AF96E /* PhotosTableViewCell.swift in Sources */,
				660B7DC6275218EE0064E0F2 /* AppDelegate.swift in Sources */,
				666D8F0427FCC6440032165D /* TestUserService.swift in Sources */,
				66313FCB276FADB5002EC0CB /* LoginViewController.swift in Sources */,
				666955CE28133EB30029AE72 /* CustomButton.swift in Sources */,
				666D8EFD27FCBC4F0032165D /* User.swift in Sources */,
				6681978B281734EC00C586CD /* NewCustomButton.swift in Sources */,
				6661E03027FF82730049C833 /* MyLoginFactory.swift in Sources */,
				66250300277BA5B5002AF96E /* PhotosArray.swift in Sources */,
				6661E03227FF830D0049C833 /* LoginFactory.swift in Sources */,
				66819789281733E600C586CD /* Model.swift in Sources */,
				66171A9827789B13009CD409 /* PostTableViewCell.swift in Sources */,
				66250304277BC53A002AF96E /* PhotosCollectionViewCell.swift in Sources */,
				666D8EFF27FCBCC20032165D /* UserService.swift in Sources */,
				6620ACD22776583900B31A9A /* Extensions.swift in Sources */,
				666CBD542758087A000BF738 /* InfoViewController.swift in Sources */,
				66977795282DA206001726FA /* GeneratePassword.swift in Sources */,
				66977793282D9E3A001726FA /* Brutforce.swift in Sources */,
				662346A7275569F000F2A093 /* PostViewController.swift in Sources */,
			);
			runOnlyForDeploymentPostprocessing = 0;
		};
		665CD23027ECEC9900F2E1BC /* Sources */ = {
			isa = PBXSourcesBuildPhase;
			buildActionMask = 2147483647;
			files = (
				665CD24027ECED1800F2E1BC /* Post.swift in Sources */,
			);
			runOnlyForDeploymentPostprocessing = 0;
		};
		665CD24427ECFBF300F2E1BC /* Sources */ = {
			isa = PBXSourcesBuildPhase;
			buildActionMask = 2147483647;
			files = (
				665CD24527ECFBF300F2E1BC /* ViewController.swift in Sources */,
				665CD24627ECFBF300F2E1BC /* PhotosViewController.swift in Sources */,
				665CD24727ECFBF300F2E1BC /* ProfileTableHeaderView.swift in Sources */,
				665CD24827ECFBF300F2E1BC /* FeedViewController.swift in Sources */,
				665CD24927ECFBF300F2E1BC /* ProfileViewController.swift in Sources */,
				665CD24A27ECFBF300F2E1BC /* PhotosTableViewCell.swift in Sources */,
				665CD24B27ECFBF300F2E1BC /* AppDelegate.swift in Sources */,
				665CD24C27ECFBF300F2E1BC /* LoginViewController.swift in Sources */,
				665CD24E27ECFBF300F2E1BC /* PostTableViewCell.swift in Sources */,
				665CD24F27ECFBF300F2E1BC /* PhotosCollectionViewCell.swift in Sources */,
				665CD25127ECFBF300F2E1BC /* InfoViewController.swift in Sources */,
				665CD25227ECFBF300F2E1BC /* PostViewController.swift in Sources */,
			);
			runOnlyForDeploymentPostprocessing = 0;
		};
/* End PBXSourcesBuildPhase section */

/* Begin PBXTargetDependency section */
		665CD23927ECEC9900F2E1BC /* PBXTargetDependency */ = {
			isa = PBXTargetDependency;
			target = 665CD23327ECEC9900F2E1BC /* StorageService */;
			targetProxy = 665CD23827ECEC9900F2E1BC /* PBXContainerItemProxy */;
		};
		665CD24227ECFBF300F2E1BC /* PBXTargetDependency */ = {
			isa = PBXTargetDependency;
			target = 665CD23327ECEC9900F2E1BC /* StorageService */;
			targetProxy = 665CD24327ECFBF300F2E1BC /* PBXContainerItemProxy */;
		};
/* End PBXTargetDependency section */

/* Begin PBXVariantGroup section */
		660B7DD0275218EE0064E0F2 /* LaunchScreen.storyboard */ = {
			isa = PBXVariantGroup;
			children = (
				660B7DD1275218EE0064E0F2 /* Base */,
			);
			name = LaunchScreen.storyboard;
			sourceTree = "<group>";
		};
/* End PBXVariantGroup section */

/* Begin XCBuildConfiguration section */
		660B7DD4275218EE0064E0F2 /* Debug */ = {
			isa = XCBuildConfiguration;
			buildSettings = {
				ALWAYS_SEARCH_USER_PATHS = NO;
				CLANG_ANALYZER_NONNULL = YES;
				CLANG_ANALYZER_NUMBER_OBJECT_CONVERSION = YES_AGGRESSIVE;
				CLANG_CXX_LANGUAGE_STANDARD = "gnu++14";
				CLANG_CXX_LIBRARY = "libc++";
				CLANG_ENABLE_MODULES = YES;
				CLANG_ENABLE_OBJC_ARC = YES;
				CLANG_ENABLE_OBJC_WEAK = YES;
				CLANG_WARN_BLOCK_CAPTURE_AUTORELEASING = YES;
				CLANG_WARN_BOOL_CONVERSION = YES;
				CLANG_WARN_COMMA = YES;
				CLANG_WARN_CONSTANT_CONVERSION = YES;
				CLANG_WARN_DEPRECATED_OBJC_IMPLEMENTATIONS = YES;
				CLANG_WARN_DIRECT_OBJC_ISA_USAGE = YES_ERROR;
				CLANG_WARN_DOCUMENTATION_COMMENTS = YES;
				CLANG_WARN_EMPTY_BODY = YES;
				CLANG_WARN_ENUM_CONVERSION = YES;
				CLANG_WARN_INFINITE_RECURSION = YES;
				CLANG_WARN_INT_CONVERSION = YES;
				CLANG_WARN_NON_LITERAL_NULL_CONVERSION = YES;
				CLANG_WARN_OBJC_IMPLICIT_RETAIN_SELF = YES;
				CLANG_WARN_OBJC_LITERAL_CONVERSION = YES;
				CLANG_WARN_OBJC_ROOT_CLASS = YES_ERROR;
				CLANG_WARN_QUOTED_INCLUDE_IN_FRAMEWORK_HEADER = YES;
				CLANG_WARN_RANGE_LOOP_ANALYSIS = YES;
				CLANG_WARN_STRICT_PROTOTYPES = YES;
				CLANG_WARN_SUSPICIOUS_MOVE = YES;
				CLANG_WARN_UNGUARDED_AVAILABILITY = YES_AGGRESSIVE;
				CLANG_WARN_UNREACHABLE_CODE = YES;
				CLANG_WARN__DUPLICATE_METHOD_MATCH = YES;
				COPY_PHASE_STRIP = NO;
				DEBUG_INFORMATION_FORMAT = dwarf;
				ENABLE_STRICT_OBJC_MSGSEND = YES;
				ENABLE_TESTABILITY = YES;
				GCC_C_LANGUAGE_STANDARD = gnu11;
				GCC_DYNAMIC_NO_PIC = NO;
				GCC_NO_COMMON_BLOCKS = YES;
				GCC_OPTIMIZATION_LEVEL = 0;
				GCC_PREPROCESSOR_DEFINITIONS = (
					"DEBUG=1",
					"$(inherited)",
				);
				GCC_WARN_64_TO_32_BIT_CONVERSION = YES;
				GCC_WARN_ABOUT_RETURN_TYPE = YES_ERROR;
				GCC_WARN_UNDECLARED_SELECTOR = YES;
				GCC_WARN_UNINITIALIZED_AUTOS = YES_AGGRESSIVE;
				GCC_WARN_UNUSED_FUNCTION = YES;
				GCC_WARN_UNUSED_VARIABLE = YES;
				IPHONEOS_DEPLOYMENT_TARGET = 13.0;
				MTL_ENABLE_DEBUG_INFO = INCLUDE_SOURCE;
				MTL_FAST_MATH = YES;
				ONLY_ACTIVE_ARCH = YES;
				SDKROOT = iphoneos;
				SWIFT_ACTIVE_COMPILATION_CONDITIONS = DEBUG;
				SWIFT_OPTIMIZATION_LEVEL = "-Onone";
			};
			name = Debug;
		};
		660B7DD5275218EE0064E0F2 /* Release */ = {
			isa = XCBuildConfiguration;
			buildSettings = {
				ALWAYS_SEARCH_USER_PATHS = NO;
				CLANG_ANALYZER_NONNULL = YES;
				CLANG_ANALYZER_NUMBER_OBJECT_CONVERSION = YES_AGGRESSIVE;
				CLANG_CXX_LANGUAGE_STANDARD = "gnu++14";
				CLANG_CXX_LIBRARY = "libc++";
				CLANG_ENABLE_MODULES = YES;
				CLANG_ENABLE_OBJC_ARC = YES;
				CLANG_ENABLE_OBJC_WEAK = YES;
				CLANG_WARN_BLOCK_CAPTURE_AUTORELEASING = YES;
				CLANG_WARN_BOOL_CONVERSION = YES;
				CLANG_WARN_COMMA = YES;
				CLANG_WARN_CONSTANT_CONVERSION = YES;
				CLANG_WARN_DEPRECATED_OBJC_IMPLEMENTATIONS = YES;
				CLANG_WARN_DIRECT_OBJC_ISA_USAGE = YES_ERROR;
				CLANG_WARN_DOCUMENTATION_COMMENTS = YES;
				CLANG_WARN_EMPTY_BODY = YES;
				CLANG_WARN_ENUM_CONVERSION = YES;
				CLANG_WARN_INFINITE_RECURSION = YES;
				CLANG_WARN_INT_CONVERSION = YES;
				CLANG_WARN_NON_LITERAL_NULL_CONVERSION = YES;
				CLANG_WARN_OBJC_IMPLICIT_RETAIN_SELF = YES;
				CLANG_WARN_OBJC_LITERAL_CONVERSION = YES;
				CLANG_WARN_OBJC_ROOT_CLASS = YES_ERROR;
				CLANG_WARN_QUOTED_INCLUDE_IN_FRAMEWORK_HEADER = YES;
				CLANG_WARN_RANGE_LOOP_ANALYSIS = YES;
				CLANG_WARN_STRICT_PROTOTYPES = YES;
				CLANG_WARN_SUSPICIOUS_MOVE = YES;
				CLANG_WARN_UNGUARDED_AVAILABILITY = YES_AGGRESSIVE;
				CLANG_WARN_UNREACHABLE_CODE = YES;
				CLANG_WARN__DUPLICATE_METHOD_MATCH = YES;
				COPY_PHASE_STRIP = NO;
				DEBUG_INFORMATION_FORMAT = "dwarf-with-dsym";
				ENABLE_NS_ASSERTIONS = NO;
				ENABLE_STRICT_OBJC_MSGSEND = YES;
				GCC_C_LANGUAGE_STANDARD = gnu11;
				GCC_NO_COMMON_BLOCKS = YES;
				GCC_WARN_64_TO_32_BIT_CONVERSION = YES;
				GCC_WARN_ABOUT_RETURN_TYPE = YES_ERROR;
				GCC_WARN_UNDECLARED_SELECTOR = YES;
				GCC_WARN_UNINITIALIZED_AUTOS = YES_AGGRESSIVE;
				GCC_WARN_UNUSED_FUNCTION = YES;
				GCC_WARN_UNUSED_VARIABLE = YES;
				IPHONEOS_DEPLOYMENT_TARGET = 13.0;
				MTL_ENABLE_DEBUG_INFO = NO;
				MTL_FAST_MATH = YES;
				ONLY_ACTIVE_ARCH = NO;
				SDKROOT = iphoneos;
				SWIFT_COMPILATION_MODE = wholemodule;
				SWIFT_OPTIMIZATION_LEVEL = "-O";
				VALIDATE_PRODUCT = YES;
			};
			name = Release;
		};
		660B7DD7275218EE0064E0F2 /* Debug */ = {
			isa = XCBuildConfiguration;
			baseConfigurationReference = 66E2A573770EA19A5FF73F1A /* Pods-Navigation.debug.xcconfig */;
			buildSettings = {
				ALWAYS_EMBED_SWIFT_STANDARD_LIBRARIES = YES;
				ASSETCATALOG_COMPILER_APPICON_NAME = AppIcon;
				ASSETCATALOG_COMPILER_GLOBAL_ACCENT_COLOR_NAME = AccentColor;
				CODE_SIGN_IDENTITY = "Apple Development";
				CODE_SIGN_STYLE = Automatic;
				DEVELOPMENT_TEAM = 2ZWDWVXS72;
				INFOPLIST_FILE = Navigation/Info.plist;
				IPHONEOS_DEPLOYMENT_TARGET = 15.2;
				LD_RUNPATH_SEARCH_PATHS = (
					"$(inherited)",
					"@executable_path/Frameworks",
				);
				PRODUCT_BUNDLE_IDENTIFIER = ru.icodeschool.Navigation;
				PRODUCT_NAME = "$(TARGET_NAME)";
				PROVISIONING_PROFILE_SPECIFIER = "";
				SWIFT_VERSION = 5.0;
				TARGETED_DEVICE_FAMILY = 1;
			};
			name = Debug;
		};
		660B7DD8275218EE0064E0F2 /* Release */ = {
			isa = XCBuildConfiguration;
			baseConfigurationReference = 02C2EFEB23343D1E9B569943 /* Pods-Navigation.release.xcconfig */;
			buildSettings = {
				ALWAYS_EMBED_SWIFT_STANDARD_LIBRARIES = YES;
				ASSETCATALOG_COMPILER_APPICON_NAME = AppIcon;
				ASSETCATALOG_COMPILER_GLOBAL_ACCENT_COLOR_NAME = AccentColor;
				CODE_SIGN_IDENTITY = "Apple Development";
				CODE_SIGN_STYLE = Automatic;
				DEVELOPMENT_TEAM = 2ZWDWVXS72;
				INFOPLIST_FILE = Navigation/Info.plist;
				IPHONEOS_DEPLOYMENT_TARGET = 15.2;
				LD_RUNPATH_SEARCH_PATHS = (
					"$(inherited)",
					"@executable_path/Frameworks",
				);
				PRODUCT_BUNDLE_IDENTIFIER = ru.icodeschool.Navigation;
				PRODUCT_NAME = "$(TARGET_NAME)";
				PROVISIONING_PROFILE_SPECIFIER = "";
				SWIFT_VERSION = 5.0;
				TARGETED_DEVICE_FAMILY = 1;
			};
			name = Release;
		};
		665CD23E27ECEC9900F2E1BC /* Debug */ = {
			isa = XCBuildConfiguration;
			baseConfigurationReference = 899E8BA5E57509D2434AF854 /* Pods-StorageService.debug.xcconfig */;
			buildSettings = {
				CLANG_CXX_LANGUAGE_STANDARD = "gnu++17";
				CODE_SIGN_IDENTITY = "Apple Development";
				CODE_SIGN_STYLE = Automatic;
				CURRENT_PROJECT_VERSION = 1;
				DEFINES_MODULE = YES;
				DEVELOPMENT_TEAM = 2ZWDWVXS72;
				DYLIB_COMPATIBILITY_VERSION = 1;
				DYLIB_CURRENT_VERSION = 1;
				DYLIB_INSTALL_NAME_BASE = "@rpath";
				GENERATE_INFOPLIST_FILE = YES;
				INFOPLIST_KEY_NSHumanReadableCopyright = "";
				INSTALL_PATH = "$(LOCAL_LIBRARY_DIR)/Frameworks";
				IPHONEOS_DEPLOYMENT_TARGET = 15.2;
				LD_RUNPATH_SEARCH_PATHS = (
					"$(inherited)",
					"@executable_path/Frameworks",
					"@loader_path/Frameworks",
				);
				MARKETING_VERSION = 1.0;
				PRODUCT_BUNDLE_IDENTIFIER = ru.icodeschool.StorageService;
				PRODUCT_NAME = "$(TARGET_NAME:c99extidentifier)";
				SKIP_INSTALL = YES;
				SUPPORTS_MACCATALYST = NO;
				SWIFT_EMIT_LOC_STRINGS = YES;
				SWIFT_VERSION = 5.0;
				TARGETED_DEVICE_FAMILY = 1;
				VERSIONING_SYSTEM = "apple-generic";
				VERSION_INFO_PREFIX = "";
			};
			name = Debug;
		};
		665CD23F27ECEC9900F2E1BC /* Release */ = {
			isa = XCBuildConfiguration;
			baseConfigurationReference = B486A3DC44CC56759B587F04 /* Pods-StorageService.release.xcconfig */;
			buildSettings = {
				CLANG_CXX_LANGUAGE_STANDARD = "gnu++17";
				CODE_SIGN_IDENTITY = "Apple Development";
				CODE_SIGN_STYLE = Automatic;
				CURRENT_PROJECT_VERSION = 1;
				DEFINES_MODULE = YES;
				DEVELOPMENT_TEAM = 2ZWDWVXS72;
				DYLIB_COMPATIBILITY_VERSION = 1;
				DYLIB_CURRENT_VERSION = 1;
				DYLIB_INSTALL_NAME_BASE = "@rpath";
				GENERATE_INFOPLIST_FILE = YES;
				INFOPLIST_KEY_NSHumanReadableCopyright = "";
				INSTALL_PATH = "$(LOCAL_LIBRARY_DIR)/Frameworks";
				IPHONEOS_DEPLOYMENT_TARGET = 15.2;
				LD_RUNPATH_SEARCH_PATHS = (
					"$(inherited)",
					"@executable_path/Frameworks",
					"@loader_path/Frameworks",
				);
				MARKETING_VERSION = 1.0;
				PRODUCT_BUNDLE_IDENTIFIER = ru.icodeschool.StorageService;
				PRODUCT_NAME = "$(TARGET_NAME:c99extidentifier)";
				SKIP_INSTALL = YES;
				SUPPORTS_MACCATALYST = NO;
				SWIFT_EMIT_LOC_STRINGS = YES;
				SWIFT_VERSION = 5.0;
				TARGETED_DEVICE_FAMILY = 1;
				VERSIONING_SYSTEM = "apple-generic";
				VERSION_INFO_PREFIX = "";
			};
			name = Release;
		};
		665CD25B27ECFBF300F2E1BC /* Debug */ = {
			isa = XCBuildConfiguration;
			baseConfigurationReference = CDE3906EC2B84EA434AF6BDA /* Pods-Navigation copy.debug.xcconfig */;
			buildSettings = {
				ALWAYS_EMBED_SWIFT_STANDARD_LIBRARIES = YES;
				ASSETCATALOG_COMPILER_APPICON_NAME = AppIcon;
				ASSETCATALOG_COMPILER_GLOBAL_ACCENT_COLOR_NAME = AccentColor;
				CODE_SIGN_IDENTITY = "Apple Development";
				CODE_SIGN_STYLE = Automatic;
				DEVELOPMENT_TEAM = 2ZWDWVXS72;
				INFOPLIST_FILE = "Navigation copy-Info.plist";
				IPHONEOS_DEPLOYMENT_TARGET = 15.2;
				LD_RUNPATH_SEARCH_PATHS = (
					"$(inherited)",
					"@executable_path/Frameworks",
				);
				PRODUCT_BUNDLE_IDENTIFIER = ru.icodeschool.Navigation;
				PRODUCT_NAME = "$(TARGET_NAME)";
				PROVISIONING_PROFILE_SPECIFIER = "";
				SWIFT_VERSION = 5.0;
				TARGETED_DEVICE_FAMILY = 1;
			};
			name = Debug;
		};
		665CD25C27ECFBF300F2E1BC /* Release */ = {
			isa = XCBuildConfiguration;
			baseConfigurationReference = 84A44E45DBC5F5027719596B /* Pods-Navigation copy.release.xcconfig */;
			buildSettings = {
				ALWAYS_EMBED_SWIFT_STANDARD_LIBRARIES = YES;
				ASSETCATALOG_COMPILER_APPICON_NAME = AppIcon;
				ASSETCATALOG_COMPILER_GLOBAL_ACCENT_COLOR_NAME = AccentColor;
				CODE_SIGN_IDENTITY = "Apple Development";
				CODE_SIGN_STYLE = Automatic;
				DEVELOPMENT_TEAM = 2ZWDWVXS72;
				INFOPLIST_FILE = "Navigation copy-Info.plist";
				IPHONEOS_DEPLOYMENT_TARGET = 15.2;
				LD_RUNPATH_SEARCH_PATHS = (
					"$(inherited)",
					"@executable_path/Frameworks",
				);
				PRODUCT_BUNDLE_IDENTIFIER = ru.icodeschool.Navigation;
				PRODUCT_NAME = "$(TARGET_NAME)";
				PROVISIONING_PROFILE_SPECIFIER = "";
				SWIFT_VERSION = 5.0;
				TARGETED_DEVICE_FAMILY = 1;
			};
			name = Release;
		};
/* End XCBuildConfiguration section */

/* Begin XCConfigurationList section */
		660B7DBD275218EE0064E0F2 /* Build configuration list for PBXProject "Navigation" */ = {
			isa = XCConfigurationList;
			buildConfigurations = (
				660B7DD4275218EE0064E0F2 /* Debug */,
				660B7DD5275218EE0064E0F2 /* Release */,
			);
			defaultConfigurationIsVisible = 0;
			defaultConfigurationName = Release;
		};
		660B7DD6275218EE0064E0F2 /* Build configuration list for PBXNativeTarget "Navigation" */ = {
			isa = XCConfigurationList;
			buildConfigurations = (
				660B7DD7275218EE0064E0F2 /* Debug */,
				660B7DD8275218EE0064E0F2 /* Release */,
			);
			defaultConfigurationIsVisible = 0;
			defaultConfigurationName = Release;
		};
		665CD23D27ECEC9900F2E1BC /* Build configuration list for PBXNativeTarget "StorageService" */ = {
			isa = XCConfigurationList;
			buildConfigurations = (
				665CD23E27ECEC9900F2E1BC /* Debug */,
				665CD23F27ECEC9900F2E1BC /* Release */,
			);
			defaultConfigurationIsVisible = 0;
			defaultConfigurationName = Release;
		};
		665CD25A27ECFBF300F2E1BC /* Build configuration list for PBXNativeTarget "Navigation copy" */ = {
			isa = XCConfigurationList;
			buildConfigurations = (
				665CD25B27ECFBF300F2E1BC /* Debug */,
				665CD25C27ECFBF300F2E1BC /* Release */,
			);
			defaultConfigurationIsVisible = 0;
			defaultConfigurationName = Release;
		};
/* End XCConfigurationList section */

/* Begin XCRemoteSwiftPackageReference section */
		664FBA2627F27691007544E3 /* XCRemoteSwiftPackageReference "iOSIntPackage" */ = {
			isa = XCRemoteSwiftPackageReference;
			repositoryURL = "https://github.com/TrueMax/iOSIntPackage";
			requirement = {
				kind = upToNextMajorVersion;
				minimumVersion = 2.0.0;
			};
		};
/* End XCRemoteSwiftPackageReference section */

/* Begin XCSwiftPackageProductDependency section */
		664FBA2727F27691007544E3 /* iOSIntPackage */ = {
			isa = XCSwiftPackageProductDependency;
			package = 664FBA2627F27691007544E3 /* XCRemoteSwiftPackageReference "iOSIntPackage" */;
			productName = iOSIntPackage;
		};
/* End XCSwiftPackageProductDependency section */
	};
	rootObject = 660B7DBA275218EE0064E0F2 /* Project object */;
}
